
Microsoft Visual Studio Solution File, Format Version 12.00
# Visual Studio Version 17
VisualStudioVersion = 17.8.34511.84
MinimumVisualStudioVersion = 10.0.40219.1
Project("{FAE04EC0-301F-11D3-BF4B-00C04F79EFBC}") = "WeatherMonitoringSystem", "WeatherMonitoringSystem\WeatherMonitoringSystem.csproj", "{5AC72D72-9121-4FE3-BBA7-AF53DD68E7C6}"
EndProject
Global
	GlobalSection(SolutionConfigurationPlatforms) = preSolution
		Debug|Any CPU = Debug|Any CPU
		Release|Any CPU = Release|Any CPU
	EndGlobalSection
	GlobalSection(ProjectConfigurationPlatforms) = postSolution
		{5AC72D72-9121-4FE3-BBA7-AF53DD68E7C6}.Debug|Any CPU.ActiveCfg = Debug|Any CPU
		{5AC72D72-9121-4FE3-BBA7-AF53DD68E7C6}.Debug|Any CPU.Build.0 = Debug|Any CPU
		{5AC72D72-9121-4FE3-BBA7-AF53DD68E7C6}.Release|Any CPU.ActiveCfg = Release|Any CPU
		{5AC72D72-9121-4FE3-BBA7-AF53DD68E7C6}.Release|Any CPU.Build.0 = Release|Any CPU
	EndGlobalSection
	GlobalSection(SolutionProperties) = preSolution
		HideSolutionNode = FALSE
	EndGlobalSection
	GlobalSection(ExtensibilityGlobals) = postSolution
		SolutionGuid = {6AE6B82E-CD84-47D1-80CA-47868B1CC247}
	EndGlobalSection
EndGlobal
